
Microsoft Visual Studio Solution File, Format Version 12.00
# Visual Studio 15
VisualStudioVersion = 15.0.27428.2043
MinimumVisualStudioVersion = 10.0.40219.1
Project("{FAE04EC0-301F-11D3-BF4B-00C04F79EFBC}") = "SistemaDeVentas", "SistemaDeVentas\SistemaDeVentas.csproj", "{472501B4-D549-4787-BC33-B26C41FCDA00}"
EndProject
Project("{FAE04EC0-301F-11D3-BF4B-00C04F79EFBC}") = "SistemaDeVentasTests", "SistemaDeVentasTests\SistemaDeVentasTests.csproj", "{15276ECF-3E44-48A5-AB69-977FC68F0A10}"
EndProject
Project("{FAE04EC0-301F-11D3-BF4B-00C04F79EFBC}") = "BLL", "BLL\BLL.csproj", "{6A46C448-8FCB-43C4-B0D5-02681F20E065}"
EndProject
Project("{FAE04EC0-301F-11D3-BF4B-00C04F79EFBC}") = "Entidades", "Entidades\Entidades.csproj", "{BEC9E595-3A67-4180-AB54-7C034BC8FAC4}"
EndProject
Project("{FAE04EC0-301F-11D3-BF4B-00C04F79EFBC}") = "DAL", "DAL\DAL.csproj", "{32DD31E9-0D05-43D5-8346-0241CD134901}"
EndProject
Global
	GlobalSection(SolutionConfigurationPlatforms) = preSolution
		Debug|Any CPU = Debug|Any CPU
		Release|Any CPU = Release|Any CPU
	EndGlobalSection
	GlobalSection(ProjectConfigurationPlatforms) = postSolution
		{472501B4-D549-4787-BC33-B26C41FCDA00}.Debug|Any CPU.ActiveCfg = Debug|Any CPU
		{472501B4-D549-4787-BC33-B26C41FCDA00}.Debug|Any CPU.Build.0 = Debug|Any CPU
		{472501B4-D549-4787-BC33-B26C41FCDA00}.Release|Any CPU.ActiveCfg = Release|Any CPU
		{472501B4-D549-4787-BC33-B26C41FCDA00}.Release|Any CPU.Build.0 = Release|Any CPU
		{15276ECF-3E44-48A5-AB69-977FC68F0A10}.Debug|Any CPU.ActiveCfg = Debug|Any CPU
		{15276ECF-3E44-48A5-AB69-977FC68F0A10}.Debug|Any CPU.Build.0 = Debug|Any CPU
		{15276ECF-3E44-48A5-AB69-977FC68F0A10}.Release|Any CPU.ActiveCfg = Release|Any CPU
		{15276ECF-3E44-48A5-AB69-977FC68F0A10}.Release|Any CPU.Build.0 = Release|Any CPU
		{6A46C448-8FCB-43C4-B0D5-02681F20E065}.Debug|Any CPU.ActiveCfg = Debug|Any CPU
		{6A46C448-8FCB-43C4-B0D5-02681F20E065}.Debug|Any CPU.Build.0 = Debug|Any CPU
		{6A46C448-8FCB-43C4-B0D5-02681F20E065}.Release|Any CPU.ActiveCfg = Release|Any CPU
		{6A46C448-8FCB-43C4-B0D5-02681F20E065}.Release|Any CPU.Build.0 = Release|Any CPU
		{BEC9E595-3A67-4180-AB54-7C034BC8FAC4}.Debug|Any CPU.ActiveCfg = Debug|Any CPU
		{BEC9E595-3A67-4180-AB54-7C034BC8FAC4}.Debug|Any CPU.Build.0 = Debug|Any CPU
		{BEC9E595-3A67-4180-AB54-7C034BC8FAC4}.Release|Any CPU.ActiveCfg = Release|Any CPU
		{BEC9E595-3A67-4180-AB54-7C034BC8FAC4}.Release|Any CPU.Build.0 = Release|Any CPU
		{32DD31E9-0D05-43D5-8346-0241CD134901}.Debug|Any CPU.ActiveCfg = Debug|Any CPU
		{32DD31E9-0D05-43D5-8346-0241CD134901}.Debug|Any CPU.Build.0 = Debug|Any CPU
		{32DD31E9-0D05-43D5-8346-0241CD134901}.Release|Any CPU.ActiveCfg = Release|Any CPU
		{32DD31E9-0D05-43D5-8346-0241CD134901}.Release|Any CPU.Build.0 = Release|Any CPU
	EndGlobalSection
	GlobalSection(SolutionProperties) = preSolution
		HideSolutionNode = FALSE
	EndGlobalSection
	GlobalSection(ExtensibilityGlobals) = postSolution
		SolutionGuid = {E938165D-38EE-49FC-B313-9D3575A00A54}
	EndGlobalSection
EndGlobal
